
Microsoft Visual Studio Solution File, Format Version 12.00
# Visual Studio Version 16
VisualStudioVersion = 16.0.29209.62
MinimumVisualStudioVersion = 10.0.40219.1
Project("{9A19103F-16F7-4668-BE54-9A1E7A4F7556}") = "Manga4U", "Manga4U.csproj", "{8256760C-F1D6-4F79-869E-FE851DD98D62}"
EndProject
Project("{9A19103F-16F7-4668-BE54-9A1E7A4F7556}") = "ParserLayer", "..\ParserLayer\ParserLayer.csproj", "{8B0879B4-0213-4031-931A-F83B5333E13E}"
EndProject
Project("{FAE04EC0-301F-11D3-BF4B-00C04F79EFBC}") = "DownloaderLayer", "..\DownloaderLayer\DownloaderLayer.csproj", "{9318E881-B8D6-4208-97FC-6CBB9DEF4365}"
EndProject
Global
	GlobalSection(SolutionConfigurationPlatforms) = preSolution
		Debug|Any CPU = Debug|Any CPU
		Release|Any CPU = Release|Any CPU
	EndGlobalSection
	GlobalSection(ProjectConfigurationPlatforms) = postSolution
		{8256760C-F1D6-4F79-869E-FE851DD98D62}.Debug|Any CPU.ActiveCfg = Debug|Any CPU
		{8256760C-F1D6-4F79-869E-FE851DD98D62}.Debug|Any CPU.Build.0 = Debug|Any CPU
		{8256760C-F1D6-4F79-869E-FE851DD98D62}.Release|Any CPU.ActiveCfg = Release|Any CPU
		{8256760C-F1D6-4F79-869E-FE851DD98D62}.Release|Any CPU.Build.0 = Release|Any CPU
		{8B0879B4-0213-4031-931A-F83B5333E13E}.Debug|Any CPU.ActiveCfg = Debug|Any CPU
		{8B0879B4-0213-4031-931A-F83B5333E13E}.Debug|Any CPU.Build.0 = Debug|Any CPU
		{8B0879B4-0213-4031-931A-F83B5333E13E}.Release|Any CPU.ActiveCfg = Release|Any CPU
		{8B0879B4-0213-4031-931A-F83B5333E13E}.Release|Any CPU.Build.0 = Release|Any CPU
		{9318E881-B8D6-4208-97FC-6CBB9DEF4365}.Debug|Any CPU.ActiveCfg = Debug|Any CPU
		{9318E881-B8D6-4208-97FC-6CBB9DEF4365}.Debug|Any CPU.Build.0 = Debug|Any CPU
		{9318E881-B8D6-4208-97FC-6CBB9DEF4365}.Release|Any CPU.ActiveCfg = Release|Any CPU
		{9318E881-B8D6-4208-97FC-6CBB9DEF4365}.Release|Any CPU.Build.0 = Release|Any CPU
	EndGlobalSection
	GlobalSection(SolutionProperties) = preSolution
		HideSolutionNode = FALSE
	EndGlobalSection
	GlobalSection(ExtensibilityGlobals) = postSolution
		SolutionGuid = {7747EF61-A1FA-4C6F-9459-D2E7BBF891D9}
	EndGlobalSection
EndGlobal
